// !$*UTF8*$!
{
	archiveVersion = 1;
	classes = {
	};
	objectVersion = 54;
	objects = {

/* Begin PBXBuildFile section */
		551CE61925E760BA00AFABCE /* FeedViewController.swift in Sources */ = {isa = PBXBuildFile; fileRef = 551CE61725E760BA00AFABCE /* FeedViewController.swift */; };
		551CE61A25E760BA00AFABCE /* FeedView.xib in Resources */ = {isa = PBXBuildFile; fileRef = 551CE61825E760BA00AFABCE /* FeedView.xib */; };
		551CE62425E77E6300AFABCE /* FeedType.swift in Sources */ = {isa = PBXBuildFile; fileRef = 551CE62325E77E6300AFABCE /* FeedType.swift */; };
		551CE62C25E78FB400AFABCE /* ApiConstants.swift in Sources */ = {isa = PBXBuildFile; fileRef = 551CE62B25E78FB400AFABCE /* ApiConstants.swift */; };
		551CE63425E7A2AC00AFABCE /* ApiRouter.swift in Sources */ = {isa = PBXBuildFile; fileRef = 551CE63325E7A2AC00AFABCE /* ApiRouter.swift */; };
		551CE63725E7B3D500AFABCE /* ApiError.swift in Sources */ = {isa = PBXBuildFile; fileRef = 551CE63625E7B3D500AFABCE /* ApiError.swift */; };
		555CD52525E5809B001AB00B /* AppDelegate.swift in Sources */ = {isa = PBXBuildFile; fileRef = 555CD52425E5809B001AB00B /* AppDelegate.swift */; };
		555CD52925E5809B001AB00B /* HomeViewController.swift in Sources */ = {isa = PBXBuildFile; fileRef = 555CD52825E5809B001AB00B /* HomeViewController.swift */; };
		555CD52E25E5809C001AB00B /* Assets.xcassets in Resources */ = {isa = PBXBuildFile; fileRef = 555CD52D25E5809C001AB00B /* Assets.xcassets */; };
		5563253725E82DA5005271B8 /* FeedModel.swift in Sources */ = {isa = PBXBuildFile; fileRef = 5563253625E82DA5005271B8 /* FeedModel.swift */; };
		5563253A25E82DAB005271B8 /* FeedInteractor.swift in Sources */ = {isa = PBXBuildFile; fileRef = 5563253925E82DAB005271B8 /* FeedInteractor.swift */; };
		5563253D25E82DB4005271B8 /* FeedPresenter.swift in Sources */ = {isa = PBXBuildFile; fileRef = 5563253C25E82DB4005271B8 /* FeedPresenter.swift */; };
		5563254025E82DBC005271B8 /* FeedWorker.swift in Sources */ = {isa = PBXBuildFile; fileRef = 5563253F25E82DBC005271B8 /* FeedWorker.swift */; };
		556E6F0125E5A2CD0065EC32 /* SplashView.xib in Resources */ = {isa = PBXBuildFile; fileRef = 556E6F0025E5A2CD0065EC32 /* SplashView.xib */; };
		556E6F0425E5A2D40065EC32 /* HomeView.xib in Resources */ = {isa = PBXBuildFile; fileRef = 556E6F0325E5A2D40065EC32 /* HomeView.xib */; };
		557A47EC25E96B150074A58D /* MovieViewCell.swift in Sources */ = {isa = PBXBuildFile; fileRef = 557A47EA25E96B150074A58D /* MovieViewCell.swift */; };
		557A47ED25E96B150074A58D /* MovieViewCell.xib in Resources */ = {isa = PBXBuildFile; fileRef = 557A47EB25E96B150074A58D /* MovieViewCell.xib */; };
		557A47FA25EA13470074A58D /* FeedRouter.swift in Sources */ = {isa = PBXBuildFile; fileRef = 557A47F925EA13470074A58D /* FeedRouter.swift */; };
		55B03BEF25E7F6E700365DEC /* TMDB.plist in Resources */ = {isa = PBXBuildFile; fileRef = 55B03BEE25E7F6E700365DEC /* TMDB.plist */; };
		56379596CD6042BA3E840AA8 /* Pods_MovieApp.framework in Frameworks */ = {isa = PBXBuildFile; fileRef = 574B84E42FD702378990DCBC /* Pods_MovieApp.framework */; };
/* End PBXBuildFile section */

/* Begin PBXFileReference section */
		32694559DCB0D960C0A0806F /* Pods-MovieApp.debug.xcconfig */ = {isa = PBXFileReference; includeInIndex = 1; lastKnownFileType = text.xcconfig; name = "Pods-MovieApp.debug.xcconfig"; path = "Target Support Files/Pods-MovieApp/Pods-MovieApp.debug.xcconfig"; sourceTree = "<group>"; };
		551CE61725E760BA00AFABCE /* FeedViewController.swift */ = {isa = PBXFileReference; lastKnownFileType = sourcecode.swift; path = FeedViewController.swift; sourceTree = "<group>"; };
		551CE61825E760BA00AFABCE /* FeedView.xib */ = {isa = PBXFileReference; lastKnownFileType = file.xib; path = FeedView.xib; sourceTree = "<group>"; };
		551CE62325E77E6300AFABCE /* FeedType.swift */ = {isa = PBXFileReference; lastKnownFileType = sourcecode.swift; path = FeedType.swift; sourceTree = "<group>"; };
		551CE62B25E78FB400AFABCE /* ApiConstants.swift */ = {isa = PBXFileReference; lastKnownFileType = sourcecode.swift; path = ApiConstants.swift; sourceTree = "<group>"; };
		551CE63325E7A2AC00AFABCE /* ApiRouter.swift */ = {isa = PBXFileReference; lastKnownFileType = sourcecode.swift; path = ApiRouter.swift; sourceTree = "<group>"; };
		551CE63625E7B3D500AFABCE /* ApiError.swift */ = {isa = PBXFileReference; lastKnownFileType = sourcecode.swift; path = ApiError.swift; sourceTree = "<group>"; };
		555CD52125E5809B001AB00B /* MovieApp.app */ = {isa = PBXFileReference; explicitFileType = wrapper.application; includeInIndex = 0; path = MovieApp.app; sourceTree = BUILT_PRODUCTS_DIR; };
		555CD52425E5809B001AB00B /* AppDelegate.swift */ = {isa = PBXFileReference; lastKnownFileType = sourcecode.swift; path = AppDelegate.swift; sourceTree = "<group>"; wrapsLines = 0; };
		555CD52825E5809B001AB00B /* HomeViewController.swift */ = {isa = PBXFileReference; lastKnownFileType = sourcecode.swift; path = HomeViewController.swift; sourceTree = "<group>"; };
		555CD52D25E5809C001AB00B /* Assets.xcassets */ = {isa = PBXFileReference; lastKnownFileType = folder.assetcatalog; path = Assets.xcassets; sourceTree = "<group>"; };
		555CD53225E5809C001AB00B /* Info.plist */ = {isa = PBXFileReference; lastKnownFileType = text.plist.xml; path = Info.plist; sourceTree = "<group>"; };
		5563253625E82DA5005271B8 /* FeedModel.swift */ = {isa = PBXFileReference; lastKnownFileType = sourcecode.swift; path = FeedModel.swift; sourceTree = "<group>"; };
		5563253925E82DAB005271B8 /* FeedInteractor.swift */ = {isa = PBXFileReference; lastKnownFileType = sourcecode.swift; path = FeedInteractor.swift; sourceTree = "<group>"; };
		5563253C25E82DB4005271B8 /* FeedPresenter.swift */ = {isa = PBXFileReference; lastKnownFileType = sourcecode.swift; path = FeedPresenter.swift; sourceTree = "<group>"; };
		5563253F25E82DBC005271B8 /* FeedWorker.swift */ = {isa = PBXFileReference; lastKnownFileType = sourcecode.swift; path = FeedWorker.swift; sourceTree = "<group>"; };
		556E6F0025E5A2CD0065EC32 /* SplashView.xib */ = {isa = PBXFileReference; lastKnownFileType = file.xib; path = SplashView.xib; sourceTree = "<group>"; };
		556E6F0325E5A2D40065EC32 /* HomeView.xib */ = {isa = PBXFileReference; lastKnownFileType = file.xib; path = HomeView.xib; sourceTree = "<group>"; };
		557A47EA25E96B150074A58D /* MovieViewCell.swift */ = {isa = PBXFileReference; lastKnownFileType = sourcecode.swift; path = MovieViewCell.swift; sourceTree = "<group>"; };
		557A47EB25E96B150074A58D /* MovieViewCell.xib */ = {isa = PBXFileReference; lastKnownFileType = file.xib; path = MovieViewCell.xib; sourceTree = "<group>"; };
		557A47F925EA13470074A58D /* FeedRouter.swift */ = {isa = PBXFileReference; lastKnownFileType = sourcecode.swift; path = FeedRouter.swift; sourceTree = "<group>"; };
		55B03BEE25E7F6E700365DEC /* TMDB.plist */ = {isa = PBXFileReference; lastKnownFileType = text.plist; name = TMDB.plist; path = MovieApp/TMDB.plist; sourceTree = SOURCE_ROOT; };
		574B84E42FD702378990DCBC /* Pods_MovieApp.framework */ = {isa = PBXFileReference; explicitFileType = wrapper.framework; includeInIndex = 0; path = Pods_MovieApp.framework; sourceTree = BUILT_PRODUCTS_DIR; };
		5D6137D63CAA7611546BC0B4 /* Pods-MovieApp.release.xcconfig */ = {isa = PBXFileReference; includeInIndex = 1; lastKnownFileType = text.xcconfig; name = "Pods-MovieApp.release.xcconfig"; path = "Target Support Files/Pods-MovieApp/Pods-MovieApp.release.xcconfig"; sourceTree = "<group>"; };
/* End PBXFileReference section */

/* Begin PBXFrameworksBuildPhase section */
		555CD51E25E5809B001AB00B /* Frameworks */ = {
			isa = PBXFrameworksBuildPhase;
			buildActionMask = 2147483647;
			files = (
				56379596CD6042BA3E840AA8 /* Pods_MovieApp.framework in Frameworks */,
			);
			runOnlyForDeploymentPostprocessing = 0;
		};
/* End PBXFrameworksBuildPhase section */

/* Begin PBXGroup section */
		551CE61625E75C3B00AFABCE /* Feed */ = {
			isa = PBXGroup;
			children = (
				557A47F825EA133C0074A58D /* Router */,
				557A47DD25E94B520074A58D /* Interactor */,
				557A47DB25E94B4D0074A58D /* Model */,
				557A47D925E94B470074A58D /* Presenter */,
				557A47D525E94B3B0074A58D /* ViewController */,
				557A47D725E94B420074A58D /* Worker */,
			);
			path = Feed;
			sourceTree = "<group>";
		};
		551CE62A25E78F7200AFABCE /* Data */ = {
			isa = PBXGroup;
			children = (
				551CE62B25E78FB400AFABCE /* ApiConstants.swift */,
				551CE63625E7B3D500AFABCE /* ApiError.swift */,
				551CE63325E7A2AC00AFABCE /* ApiRouter.swift */,
				55B03BEE25E7F6E700365DEC /* TMDB.plist */,
			);
			path = Data;
			sourceTree = "<group>";
		};
		555CD51825E5809B001AB00B = {
			isa = PBXGroup;
			children = (
				555CD52325E5809B001AB00B /* MovieApp */,
				555CD52225E5809B001AB00B /* Products */,
				DD88A214EB937F1A0BA91476 /* Pods */,
				62E786CD099A70E397284E19 /* Frameworks */,
			);
			sourceTree = "<group>";
		};
		555CD52225E5809B001AB00B /* Products */ = {
			isa = PBXGroup;
			children = (
				555CD52125E5809B001AB00B /* MovieApp.app */,
			);
			name = Products;
			sourceTree = "<group>";
		};
		555CD52325E5809B001AB00B /* MovieApp */ = {
			isa = PBXGroup;
			children = (
				555CD52D25E5809C001AB00B /* Assets.xcassets */,
				556E6EF325E593CA0065EC32 /* Core */,
				551CE62A25E78F7200AFABCE /* Data */,
				556E6EF525E593D10065EC32 /* Features */,
				555CD53225E5809C001AB00B /* Info.plist */,
			);
			path = MovieApp;
			sourceTree = "<group>";
		};
		556E6EF325E593CA0065EC32 /* Core */ = {
			isa = PBXGroup;
			children = (
				555CD52425E5809B001AB00B /* AppDelegate.swift */,
			);
			path = Core;
			sourceTree = "<group>";
		};
		556E6EF525E593D10065EC32 /* Features */ = {
			isa = PBXGroup;
			children = (
				551CE61625E75C3B00AFABCE /* Feed */,
				556E6EF725E593DA0065EC32 /* Home */,
				556E6EF925E593E10065EC32 /* Splash */,
			);
			path = Features;
			sourceTree = "<group>";
		};
		556E6EF725E593DA0065EC32 /* Home */ = {
			isa = PBXGroup;
			children = (
				555CD52825E5809B001AB00B /* HomeViewController.swift */,
				556E6F0325E5A2D40065EC32 /* HomeView.xib */,
			);
			path = Home;
			sourceTree = "<group>";
		};
		556E6EF925E593E10065EC32 /* Splash */ = {
			isa = PBXGroup;
			children = (
				556E6F0025E5A2CD0065EC32 /* SplashView.xib */,
			);
			path = Splash;
			sourceTree = "<group>";
		};
		557A47D525E94B3B0074A58D /* ViewController */ = {
			isa = PBXGroup;
			children = (
				557A47E925E96AD10074A58D /* ViewCell */,
				551CE62325E77E6300AFABCE /* FeedType.swift */,
				551CE61725E760BA00AFABCE /* FeedViewController.swift */,
				551CE61825E760BA00AFABCE /* FeedView.xib */,
			);
			path = ViewController;
			sourceTree = "<group>";
		};
		557A47D725E94B420074A58D /* Worker */ = {
			isa = PBXGroup;
			children = (
				5563253F25E82DBC005271B8 /* FeedWorker.swift */,
			);
			path = Worker;
			sourceTree = "<group>";
		};
		557A47D925E94B470074A58D /* Presenter */ = {
			isa = PBXGroup;
			children = (
				5563253C25E82DB4005271B8 /* FeedPresenter.swift */,
			);
			path = Presenter;
			sourceTree = "<group>";
		};
		557A47DB25E94B4D0074A58D /* Model */ = {
			isa = PBXGroup;
			children = (
				5563253625E82DA5005271B8 /* FeedModel.swift */,
			);
			path = Model;
			sourceTree = "<group>";
		};
		557A47DD25E94B520074A58D /* Interactor */ = {
			isa = PBXGroup;
			children = (
				5563253925E82DAB005271B8 /* FeedInteractor.swift */,
			);
			path = Interactor;
			sourceTree = "<group>";
		};
		557A47E925E96AD10074A58D /* ViewCell */ = {
			isa = PBXGroup;
			children = (
				557A47EA25E96B150074A58D /* MovieViewCell.swift */,
				557A47EB25E96B150074A58D /* MovieViewCell.xib */,
			);
			path = ViewCell;
			sourceTree = "<group>";
		};
		557A47F825EA133C0074A58D /* Router */ = {
			isa = PBXGroup;
			children = (
				557A47F925EA13470074A58D /* FeedRouter.swift */,
			);
			path = Router;
			sourceTree = "<group>";
		};
		62E786CD099A70E397284E19 /* Frameworks */ = {
			isa = PBXGroup;
			children = (
				574B84E42FD702378990DCBC /* Pods_MovieApp.framework */,
			);
			name = Frameworks;
			sourceTree = "<group>";
		};
		DD88A214EB937F1A0BA91476 /* Pods */ = {
			isa = PBXGroup;
			children = (
				32694559DCB0D960C0A0806F /* Pods-MovieApp.debug.xcconfig */,
				5D6137D63CAA7611546BC0B4 /* Pods-MovieApp.release.xcconfig */,
			);
			path = Pods;
			sourceTree = "<group>";
		};
/* End PBXGroup section */

/* Begin PBXNativeTarget section */
		555CD52025E5809B001AB00B /* MovieApp */ = {
			isa = PBXNativeTarget;
			buildConfigurationList = 555CD53525E5809C001AB00B /* Build configuration list for PBXNativeTarget "MovieApp" */;
			buildPhases = (
				C760C9670247227CF49E5D8E /* [CP] Check Pods Manifest.lock */,
				55B03BD725E7F01900365DEC /* Check ApiKey */,
				555CD51D25E5809B001AB00B /* Sources */,
				555CD51E25E5809B001AB00B /* Frameworks */,
				555CD51F25E5809B001AB00B /* Resources */,
				0DB1D5EBDA63DE587C500FFA /* [CP] Embed Pods Frameworks */,
			);
			buildRules = (
			);
			dependencies = (
			);
			name = MovieApp;
			productName = MovieApp;
			productReference = 555CD52125E5809B001AB00B /* MovieApp.app */;
			productType = "com.apple.product-type.application";
		};
/* End PBXNativeTarget section */

/* Begin PBXProject section */
		555CD51925E5809B001AB00B /* Project object */ = {
			isa = PBXProject;
			attributes = {
				LastSwiftUpdateCheck = 1240;
				LastUpgradeCheck = 1240;
				TargetAttributes = {
					555CD52025E5809B001AB00B = {
						CreatedOnToolsVersion = 12.4;
					};
				};
			};
			buildConfigurationList = 555CD51C25E5809B001AB00B /* Build configuration list for PBXProject "MovieApp" */;
			compatibilityVersion = "Xcode 9.3";
			developmentRegion = en;
			hasScannedForEncodings = 0;
			knownRegions = (
				en,
				Base,
			);
			mainGroup = 555CD51825E5809B001AB00B;
			productRefGroup = 555CD52225E5809B001AB00B /* Products */;
			projectDirPath = "";
			projectRoot = "";
			targets = (
				555CD52025E5809B001AB00B /* MovieApp */,
			);
		};
/* End PBXProject section */

/* Begin PBXResourcesBuildPhase section */
		555CD51F25E5809B001AB00B /* Resources */ = {
			isa = PBXResourcesBuildPhase;
			buildActionMask = 2147483647;
			files = (
				556E6F0125E5A2CD0065EC32 /* SplashView.xib in Resources */,
				556E6F0425E5A2D40065EC32 /* HomeView.xib in Resources */,
				557A47ED25E96B150074A58D /* MovieViewCell.xib in Resources */,
				55B03BEF25E7F6E700365DEC /* TMDB.plist in Resources */,
				551CE61A25E760BA00AFABCE /* FeedView.xib in Resources */,
				555CD52E25E5809C001AB00B /* Assets.xcassets in Resources */,
			);
			runOnlyForDeploymentPostprocessing = 0;
		};
/* End PBXResourcesBuildPhase section */

/* Begin PBXShellScriptBuildPhase section */
		0DB1D5EBDA63DE587C500FFA /* [CP] Embed Pods Frameworks */ = {
			isa = PBXShellScriptBuildPhase;
			buildActionMask = 2147483647;
			files = (
			);
			inputFileListPaths = (
				"${PODS_ROOT}/Target Support Files/Pods-MovieApp/Pods-MovieApp-frameworks-${CONFIGURATION}-input-files.xcfilelist",
			);
			name = "[CP] Embed Pods Frameworks";
			outputFileListPaths = (
				"${PODS_ROOT}/Target Support Files/Pods-MovieApp/Pods-MovieApp-frameworks-${CONFIGURATION}-output-files.xcfilelist",
			);
			runOnlyForDeploymentPostprocessing = 0;
			shellPath = /bin/sh;
			shellScript = "\"${PODS_ROOT}/Target Support Files/Pods-MovieApp/Pods-MovieApp-frameworks.sh\"\n";
			showEnvVarsInLog = 0;
		};
		55B03BD725E7F01900365DEC /* Check ApiKey */ = {
			isa = PBXShellScriptBuildPhase;
			alwaysOutOfDate = 1;
			buildActionMask = 2147483647;
			files = (
			);
			inputFileListPaths = (
			);
			inputPaths = (
			);
			name = "Check ApiKey";
			outputFileListPaths = (
			);
			outputPaths = (
			);
			runOnlyForDeploymentPostprocessing = 0;
			shellPath = /bin/sh;
			shellScript = "# Type a script or drag a script file from your workspace to insert its path.\nAPIKEY_BASE_NAME=\"TMDB\"\nAPIKEY_FILE_PATH=$SRCROOT/$PRODUCT_NAME/${APIKEY_BASE_NAME}.plist\nSAMPLE_FILE_PATH=${APIKEY_FILE_PATH}.sample\n\nif [ ! -f \"$APIKEY_FILE_PATH\" ]; then\n    cp -v \"$SAMPLE_FILE_PATH\" \"$APIKEY_FILE_PATH\"\nfi\n";
		};
		C760C9670247227CF49E5D8E /* [CP] Check Pods Manifest.lock */ = {
			isa = PBXShellScriptBuildPhase;
			buildActionMask = 2147483647;
			files = (
			);
			inputFileListPaths = (
			);
			inputPaths = (
				"${PODS_PODFILE_DIR_PATH}/Podfile.lock",
				"${PODS_ROOT}/Manifest.lock",
			);
			name = "[CP] Check Pods Manifest.lock";
			outputFileListPaths = (
			);
			outputPaths = (
				"$(DERIVED_FILE_DIR)/Pods-MovieApp-checkManifestLockResult.txt",
			);
			runOnlyForDeploymentPostprocessing = 0;
			shellPath = /bin/sh;
			shellScript = "diff \"${PODS_PODFILE_DIR_PATH}/Podfile.lock\" \"${PODS_ROOT}/Manifest.lock\" > /dev/null\nif [ $? != 0 ] ; then\n    # print error to STDERR\n    echo \"error: The sandbox is not in sync with the Podfile.lock. Run 'pod install' or update your CocoaPods installation.\" >&2\n    exit 1\nfi\n# This output is used by Xcode 'outputs' to avoid re-running this script phase.\necho \"SUCCESS\" > \"${SCRIPT_OUTPUT_FILE_0}\"\n";
			showEnvVarsInLog = 0;
		};
/* End PBXShellScriptBuildPhase section */

/* Begin PBXSourcesBuildPhase section */
		555CD51D25E5809B001AB00B /* Sources */ = {
			isa = PBXSourcesBuildPhase;
			buildActionMask = 2147483647;
			files = (
				5563253D25E82DB4005271B8 /* FeedPresenter.swift in Sources */,
				551CE63725E7B3D500AFABCE /* ApiError.swift in Sources */,
				555CD52925E5809B001AB00B /* HomeViewController.swift in Sources */,
				551CE63425E7A2AC00AFABCE /* ApiRouter.swift in Sources */,
				551CE61925E760BA00AFABCE /* FeedViewController.swift in Sources */,
				555CD52525E5809B001AB00B /* AppDelegate.swift in Sources */,
				551CE62C25E78FB400AFABCE /* ApiConstants.swift in Sources */,
				551CE62425E77E6300AFABCE /* FeedType.swift in Sources */,
				557A47FA25EA13470074A58D /* FeedRouter.swift in Sources */,
				557A47EC25E96B150074A58D /* MovieViewCell.swift in Sources */,
				5563253725E82DA5005271B8 /* FeedModel.swift in Sources */,
				5563253A25E82DAB005271B8 /* FeedInteractor.swift in Sources */,
				5563254025E82DBC005271B8 /* FeedWorker.swift in Sources */,
			);
			runOnlyForDeploymentPostprocessing = 0;
		};
/* End PBXSourcesBuildPhase section */

/* Begin XCBuildConfiguration section */
		555CD53325E5809C001AB00B /* Debug */ = {
			isa = XCBuildConfiguration;
			buildSettings = {
				ALWAYS_SEARCH_USER_PATHS = NO;
				CLANG_ANALYZER_NONNULL = YES;
				CLANG_ANALYZER_NUMBER_OBJECT_CONVERSION = YES_AGGRESSIVE;
				CLANG_CXX_LANGUAGE_STANDARD = "gnu++14";
				CLANG_CXX_LIBRARY = "libc++";
				CLANG_ENABLE_MODULES = YES;
				CLANG_ENABLE_OBJC_ARC = YES;
				CLANG_ENABLE_OBJC_WEAK = YES;
				CLANG_WARN_BLOCK_CAPTURE_AUTORELEASING = YES;
				CLANG_WARN_BOOL_CONVERSION = YES;
				CLANG_WARN_COMMA = YES;
				CLANG_WARN_CONSTANT_CONVERSION = YES;
				CLANG_WARN_DEPRECATED_OBJC_IMPLEMENTATIONS = YES;
				CLANG_WARN_DIRECT_OBJC_ISA_USAGE = YES_ERROR;
				CLANG_WARN_DOCUMENTATION_COMMENTS = YES;
				CLANG_WARN_EMPTY_BODY = YES;
				CLANG_WARN_ENUM_CONVERSION = YES;
				CLANG_WARN_INFINITE_RECURSION = YES;
				CLANG_WARN_INT_CONVERSION = YES;
				CLANG_WARN_NON_LITERAL_NULL_CONVERSION = YES;
				CLANG_WARN_OBJC_IMPLICIT_RETAIN_SELF = YES;
				CLANG_WARN_OBJC_LITERAL_CONVERSION = YES;
				CLANG_WARN_OBJC_ROOT_CLASS = YES_ERROR;
				CLANG_WARN_QUOTED_INCLUDE_IN_FRAMEWORK_HEADER = YES;
				CLANG_WARN_RANGE_LOOP_ANALYSIS = YES;
				CLANG_WARN_STRICT_PROTOTYPES = YES;
				CLANG_WARN_SUSPICIOUS_MOVE = YES;
				CLANG_WARN_UNGUARDED_AVAILABILITY = YES_AGGRESSIVE;
				CLANG_WARN_UNREACHABLE_CODE = YES;
				CLANG_WARN__DUPLICATE_METHOD_MATCH = YES;
				COPY_PHASE_STRIP = NO;
				DEBUG_INFORMATION_FORMAT = dwarf;
				ENABLE_STRICT_OBJC_MSGSEND = YES;
				ENABLE_TESTABILITY = YES;
				GCC_C_LANGUAGE_STANDARD = gnu11;
				GCC_DYNAMIC_NO_PIC = NO;
				GCC_NO_COMMON_BLOCKS = YES;
				GCC_OPTIMIZATION_LEVEL = 0;
				GCC_PREPROCESSOR_DEFINITIONS = (
					"DEBUG=1",
					"$(inherited)",
				);
				GCC_WARN_64_TO_32_BIT_CONVERSION = YES;
				GCC_WARN_ABOUT_RETURN_TYPE = YES_ERROR;
				GCC_WARN_UNDECLARED_SELECTOR = YES;
				GCC_WARN_UNINITIALIZED_AUTOS = YES_AGGRESSIVE;
				GCC_WARN_UNUSED_FUNCTION = YES;
				GCC_WARN_UNUSED_VARIABLE = YES;
				IPHONEOS_DEPLOYMENT_TARGET = 13.0;
				MTL_ENABLE_DEBUG_INFO = INCLUDE_SOURCE;
				MTL_FAST_MATH = YES;
				ONLY_ACTIVE_ARCH = YES;
				SDKROOT = iphoneos;
				SWIFT_ACTIVE_COMPILATION_CONDITIONS = DEBUG;
				SWIFT_OPTIMIZATION_LEVEL = "-Onone";
			};
			name = Debug;
		};
		555CD53425E5809C001AB00B /* Release */ = {
			isa = XCBuildConfiguration;
			buildSettings = {
				ALWAYS_SEARCH_USER_PATHS = NO;
				CLANG_ANALYZER_NONNULL = YES;
				CLANG_ANALYZER_NUMBER_OBJECT_CONVERSION = YES_AGGRESSIVE;
				CLANG_CXX_LANGUAGE_STANDARD = "gnu++14";
				CLANG_CXX_LIBRARY = "libc++";
				CLANG_ENABLE_MODULES = YES;
				CLANG_ENABLE_OBJC_ARC = YES;
				CLANG_ENABLE_OBJC_WEAK = YES;
				CLANG_WARN_BLOCK_CAPTURE_AUTORELEASING = YES;
				CLANG_WARN_BOOL_CONVERSION = YES;
				CLANG_WARN_COMMA = YES;
				CLANG_WARN_CONSTANT_CONVERSION = YES;
				CLANG_WARN_DEPRECATED_OBJC_IMPLEMENTATIONS = YES;
				CLANG_WARN_DIRECT_OBJC_ISA_USAGE = YES_ERROR;
				CLANG_WARN_DOCUMENTATION_COMMENTS = YES;
				CLANG_WARN_EMPTY_BODY = YES;
				CLANG_WARN_ENUM_CONVERSION = YES;
				CLANG_WARN_INFINITE_RECURSION = YES;
				CLANG_WARN_INT_CONVERSION = YES;
				CLANG_WARN_NON_LITERAL_NULL_CONVERSION = YES;
				CLANG_WARN_OBJC_IMPLICIT_RETAIN_SELF = YES;
				CLANG_WARN_OBJC_LITERAL_CONVERSION = YES;
				CLANG_WARN_OBJC_ROOT_CLASS = YES_ERROR;
				CLANG_WARN_QUOTED_INCLUDE_IN_FRAMEWORK_HEADER = YES;
				CLANG_WARN_RANGE_LOOP_ANALYSIS = YES;
				CLANG_WARN_STRICT_PROTOTYPES = YES;
				CLANG_WARN_SUSPICIOUS_MOVE = YES;
				CLANG_WARN_UNGUARDED_AVAILABILITY = YES_AGGRESSIVE;
				CLANG_WARN_UNREACHABLE_CODE = YES;
				CLANG_WARN__DUPLICATE_METHOD_MATCH = YES;
				COPY_PHASE_STRIP = NO;
				DEBUG_INFORMATION_FORMAT = "dwarf-with-dsym";
				ENABLE_NS_ASSERTIONS = NO;
				ENABLE_STRICT_OBJC_MSGSEND = YES;
				GCC_C_LANGUAGE_STANDARD = gnu11;
				GCC_NO_COMMON_BLOCKS = YES;
				GCC_WARN_64_TO_32_BIT_CONVERSION = YES;
				GCC_WARN_ABOUT_RETURN_TYPE = YES_ERROR;
				GCC_WARN_UNDECLARED_SELECTOR = YES;
				GCC_WARN_UNINITIALIZED_AUTOS = YES_AGGRESSIVE;
				GCC_WARN_UNUSED_FUNCTION = YES;
				GCC_WARN_UNUSED_VARIABLE = YES;
				IPHONEOS_DEPLOYMENT_TARGET = 13.0;
				MTL_ENABLE_DEBUG_INFO = NO;
				MTL_FAST_MATH = YES;
				SDKROOT = iphoneos;
				SWIFT_COMPILATION_MODE = wholemodule;
				SWIFT_OPTIMIZATION_LEVEL = "-O";
				VALIDATE_PRODUCT = YES;
			};
			name = Release;
		};
		555CD53625E5809C001AB00B /* Debug */ = {
			isa = XCBuildConfiguration;
			baseConfigurationReference = 32694559DCB0D960C0A0806F /* Pods-MovieApp.debug.xcconfig */;
			buildSettings = {
				ASSETCATALOG_COMPILER_APPICON_NAME = AppIcon;
				ASSETCATALOG_COMPILER_GLOBAL_ACCENT_COLOR_NAME = AccentColor;
				CODE_SIGN_STYLE = Automatic;
				DEVELOPMENT_TEAM = JB4CSFAC2R;
				INFOPLIST_FILE = MovieApp/Info.plist;
				LD_RUNPATH_SEARCH_PATHS = (
					"$(inherited)",
					"@executable_path/Frameworks",
				);
				PRODUCT_BUNDLE_IDENTIFIER = com.practice.MovieApp;
				PRODUCT_NAME = "$(TARGET_NAME)";
				SWIFT_VERSION = 5.0;
				TARGETED_DEVICE_FAMILY = 1;
			};
			name = Debug;
		};
		555CD53725E5809C001AB00B /* Release */ = {
			isa = XCBuildConfiguration;
			baseConfigurationReference = 5D6137D63CAA7611546BC0B4 /* Pods-MovieApp.release.xcconfig */;
			buildSettings = {
				ASSETCATALOG_COMPILER_APPICON_NAME = AppIcon;
				ASSETCATALOG_COMPILER_GLOBAL_ACCENT_COLOR_NAME = AccentColor;
				CODE_SIGN_STYLE = Automatic;
				DEVELOPMENT_TEAM = JB4CSFAC2R;
				INFOPLIST_FILE = MovieApp/Info.plist;
				LD_RUNPATH_SEARCH_PATHS = (
					"$(inherited)",
					"@executable_path/Frameworks",
				);
				PRODUCT_BUNDLE_IDENTIFIER = com.practice.MovieApp;
				PRODUCT_NAME = "$(TARGET_NAME)";
				SWIFT_VERSION = 5.0;
				TARGETED_DEVICE_FAMILY = 1;
			};
			name = Release;
		};
/* End XCBuildConfiguration section */

/* Begin XCConfigurationList section */
		555CD51C25E5809B001AB00B /* Build configuration list for PBXProject "MovieApp" */ = {
			isa = XCConfigurationList;
			buildConfigurations = (
				555CD53325E5809C001AB00B /* Debug */,
				555CD53425E5809C001AB00B /* Release */,
			);
			defaultConfigurationIsVisible = 0;
			defaultConfigurationName = Release;
		};
		555CD53525E5809C001AB00B /* Build configuration list for PBXNativeTarget "MovieApp" */ = {
			isa = XCConfigurationList;
			buildConfigurations = (
				555CD53625E5809C001AB00B /* Debug */,
				555CD53725E5809C001AB00B /* Release */,
			);
			defaultConfigurationIsVisible = 0;
			defaultConfigurationName = Release;
		};
/* End XCConfigurationList section */
	};
	rootObject = 555CD51925E5809B001AB00B /* Project object */;
}
